<?xml version="1.0" encoding="utf-8"?>
<Project ToolsVersion="4.0" xmlns="http://schemas.microsoft.com/developer/msbuild/2003">
  <ItemGroup>
    <ClCompile Include="arucofidmarkers.cpp">
      <Filter>Source Files</Filter>
    </ClCompile>
    <ClCompile Include="ar_omp.cpp">
      <Filter>Source Files</Filter>
    </ClCompile>
    <ClCompile Include="board.cpp">
      <Filter>Source Files</Filter>
    </ClCompile>
    <ClCompile Include="boarddetector.cpp">
      <Filter>Source Files</Filter>
    </ClCompile>
    <ClCompile Include="cameraparameters.cpp">
      <Filter>Source Files</Filter>
    </ClCompile>
    <ClCompile Include="chromaticmask.cpp">
      <Filter>Source Files</Filter>
    </ClCompile>
    <ClCompile Include="cvdrawingutils.cpp">
      <Filter>Source Files</Filter>
    </ClCompile>
    <ClCompile Include="highlyreliablemarkers.cpp">
      <Filter>Source Files</Filter>
    </ClCompile>
    <ClCompile Include="marker.cpp">
      <Filter>Source Files</Filter>
    </ClCompile>
    <ClCompile Include="markerdetector.cpp">
      <Filter>Source Files</Filter>
    </ClCompile>
    <ClCompile Include="subpixelcorner.cpp">
      <Filter>Source Files</Filter>
    </ClCompile>
  </ItemGroup>
  <ItemGroup>
    <ClInclude Include="aruco.h">
      <Filter>Header Files</Filter>
    </ClInclude>
    <ClInclude Include="arucofidmarkers.h">
      <Filter>Header Files</Filter>
    </ClInclude>
    <ClInclude Include="ar_omp.h">
      <Filter>Header Files</Filter>
    </ClInclude>
    <ClInclude Include="board.h">
      <Filter>Header Files</Filter>
    </ClInclude>
    <ClInclude Include="boarddetector.h">
      <Filter>Header Files</Filter>
    </ClInclude>
    <ClInclude Include="cameraparameters.h">
      <Filter>Header Files</Filter>
    </ClInclude>
    <ClInclude Include="chromaticmask.h">
      <Filter>Header Files</Filter>
    </ClInclude>
    <ClInclude Include="cvdrawingutils.h">
      <Filter>Header Files</Filter>
    </ClInclude>
    <ClInclude Include="exports.h">
      <Filter>Header Files</Filter>
    </ClInclude>
    <ClInclude Include="highlyreliablemarkers.h">
      <Filter>Header Files</Filter>
    </ClInclude>
    <ClInclude Include="marker.h">
      <Filter>Header Files</Filter>
    </ClInclude>
    <ClInclude Include="markerdetector.h">
      <Filter>Header Files</Filter>
    </ClInclude>
    <ClInclude Include="subpixelcorner.h">
      <Filter>Header Files</Filter>
    </ClInclude>
  </ItemGroup>
  <ItemGroup>
    <CustomBuild Include="CMakeLists.txt" />
  </ItemGroup>
  <ItemGroup>
    <Filter Include="Source Files">
      <UniqueIdentifier>{8EAD6D8D-50BB-4E77-8AB8-1800CA79C66D}</UniqueIdentifier>
    </Filter>
    <Filter Include="Header Files">
      <UniqueIdentifier>{714AD242-38F9-47F2-8C5A-58F699780F7E}</UniqueIdentifier>
    </Filter>
  </ItemGroup>
</Project>
